{
  "name": "good-package-usage",
  "version": "1.0.0",
  "lockfileVersion": 2,
  "requires": true,
  "packages": {
    "": {
      "name": "good-package-usage",
      "version": "1.0.0",
      "license": "ISC",
      "dependencies": {
        "good-package": "^1.0.0"
      }
    },
    "node_modules/good-package": {
      "version": "1.0.0",
      "resolved": "https://registry.npmjs.org/good-package/-/good-package-1.0.0.tgz",
      "integrity": "sha512-rU/xaTrbz0lseMoJbigEeZhGTY/l5gAmAY3KL/9Mc9jBxB97I0J4DCQZijlf7K4tqnA54NZvNwFUpTVieEMGgQ=="
    }
  },
  "dependencies": {
    "good-package": {
      "version": "1.0.0",
      "resolved": "https://registry.npmjs.org/good-package/-/good-package-1.0.0.tgz",
      "integrity": "sha512-rU/xaTrbz0lseMoJbigEeZhGTY/l5gAmAY3KL/9Mc9jBxB97I0J4DCQZijlf7K4tqnA54NZvNwFUpTVieEMGgQ=="
    }
  }
}
